// !$*UTF8*$!
{
	archiveVersion = 1;
	classes = {
	};
	objectVersion = 56;
	objects = {

/* Begin PBXBuildFile section */
		698945C92D1692D300020257 /* App.swift in Sources */ = {isa = PBXBuildFile; fileRef = 698945C82D1692D300020257 /* App.swift */; };
		698945CD2D1692D500020257 /* Assets.xcassets in Resources */ = {isa = PBXBuildFile; fileRef = 698945CC2D1692D500020257 /* Assets.xcassets */; };
		698945D02D1692D500020257 /* Preview Assets.xcassets in Resources */ = {isa = PBXBuildFile; fileRef = 698945CF2D1692D500020257 /* Preview Assets.xcassets */; };
		698945DA2D1692D500020257 /* ProductsSwiftUITests.swift in Sources */ = {isa = PBXBuildFile; fileRef = 698945D92D1692D500020257 /* ProductsSwiftUITests.swift */; };
		698945E42D1692D500020257 /* ProductsSwiftUIUITests.swift in Sources */ = {isa = PBXBuildFile; fileRef = 698945E32D1692D500020257 /* ProductsSwiftUIUITests.swift */; };
		698945E62D1692D500020257 /* ProductsSwiftUIUITestsLaunchTests.swift in Sources */ = {isa = PBXBuildFile; fileRef = 698945E52D1692D500020257 /* ProductsSwiftUIUITestsLaunchTests.swift */; };
		69A3EB7B2D19227500F37D7E /* DIContainer.swift in Sources */ = {isa = PBXBuildFile; fileRef = 69A3EB7A2D19227500F37D7E /* DIContainer.swift */; };
		69A3EB7E2D1922B600F37D7E /* ProductsInteractor.swift in Sources */ = {isa = PBXBuildFile; fileRef = 69A3EB7D2D1922B600F37D7E /* ProductsInteractor.swift */; };
		69A3EB822D1922FA00F37D7E /* ProductsWebRepository.swift in Sources */ = {isa = PBXBuildFile; fileRef = 69A3EB812D1922FA00F37D7E /* ProductsWebRepository.swift */; };
		69A3EB872D19247D00F37D7E /* ProductModels.swift in Sources */ = {isa = PBXBuildFile; fileRef = 69A3EB862D19247D00F37D7E /* ProductModels.swift */; };
		69A3EB892D19255D00F37D7E /* ProductListView.swift in Sources */ = {isa = PBXBuildFile; fileRef = 69A3EB882D19255D00F37D7E /* ProductListView.swift */; };
		69A3EB8B2D19257100F37D7E /* ProductListItemView.swift in Sources */ = {isa = PBXBuildFile; fileRef = 69A3EB8A2D19257100F37D7E /* ProductListItemView.swift */; };
		69A3EB8F2D19258E00F37D7E /* ProductListLayout.swift in Sources */ = {isa = PBXBuildFile; fileRef = 69A3EB8E2D19258E00F37D7E /* ProductListLayout.swift */; };
		69A3EB912D19259D00F37D7E /* ErrorView.swift in Sources */ = {isa = PBXBuildFile; fileRef = 69A3EB902D19259D00F37D7E /* ErrorView.swift */; };
		69A3EB932D1925A800F37D7E /* ProductDetailView.swift in Sources */ = {isa = PBXBuildFile; fileRef = 69A3EB922D1925A800F37D7E /* ProductDetailView.swift */; };
		69A3EB952D1925B300F37D7E /* ProductCommentView.swift in Sources */ = {isa = PBXBuildFile; fileRef = 69A3EB942D1925B300F37D7E /* ProductCommentView.swift */; };
		69A3EBA22D192D3500F37D7E /* WebService.swift in Sources */ = {isa = PBXBuildFile; fileRef = 69A3EB962D192D3500F37D7E /* WebService.swift */; };
		69A3EBA32D192D3500F37D7E /* NetworkConfig.swift in Sources */ = {isa = PBXBuildFile; fileRef = 69A3EB972D192D3500F37D7E /* NetworkConfig.swift */; };
		69A3EBA42D192D3500F37D7E /* NetworkError.swift in Sources */ = {isa = PBXBuildFile; fileRef = 69A3EB982D192D3500F37D7E /* NetworkError.swift */; };
		69A3EBA52D192D3500F37D7E /* NetworkManager.swift in Sources */ = {isa = PBXBuildFile; fileRef = 69A3EB992D192D3500F37D7E /* NetworkManager.swift */; };
		69A3EBA62D192D3500F37D7E /* NetworkRequest.swift in Sources */ = {isa = PBXBuildFile; fileRef = 69A3EB9A2D192D3500F37D7E /* NetworkRequest.swift */; };
		69A3EBA72D192D3500F37D7E /* NetworkSessionManager.swift in Sources */ = {isa = PBXBuildFile; fileRef = 69A3EB9B2D192D3500F37D7E /* NetworkSessionManager.swift */; };
		69A3EBA82D192D3500F37D7E /* SharedURLSession.swift in Sources */ = {isa = PBXBuildFile; fileRef = 69A3EB9C2D192D3500F37D7E /* SharedURLSession.swift */; };
		69A3EBA92D192D3500F37D7E /* SharedURLSessionDelegate.swift in Sources */ = {isa = PBXBuildFile; fileRef = 69A3EB9D2D192D3500F37D7E /* SharedURLSessionDelegate.swift */; };
		69A3EBAA2D192D3500F37D7E /* URLAuthenticationChallenge+TrustServer.swift in Sources */ = {isa = PBXBuildFile; fileRef = 69A3EB9E2D192D3500F37D7E /* URLAuthenticationChallenge+TrustServer.swift */; };
		69A3EBAB2D192D3500F37D7E /* URLRequestCreater.swift in Sources */ = {isa = PBXBuildFile; fileRef = 69A3EB9F2D192D3500F37D7E /* URLRequestCreater.swift */; };
		69A3EBAC2D192D3500F37D7E /* URLSessionProtocol.swift in Sources */ = {isa = PBXBuildFile; fileRef = 69A3EBA02D192D3500F37D7E /* URLSessionProtocol.swift */; };
		69A3EBB12D193F1400F37D7E /* AppConstants.swift in Sources */ = {isa = PBXBuildFile; fileRef = 69A3EBB02D193F1400F37D7E /* AppConstants.swift */; };
		69A3EBB32D193F7300F37D7E /* APIEndPoint.swift in Sources */ = {isa = PBXBuildFile; fileRef = 69A3EBB22D193F7300F37D7E /* APIEndPoint.swift */; };
		69A3EBB62D19683400F37D7E /* ProductViewModels.swift in Sources */ = {isa = PBXBuildFile; fileRef = 69A3EBB52D19683400F37D7E /* ProductViewModels.swift */; };
		69A3EBBA2D1970BB00F37D7E /* HeaderImageView.swift in Sources */ = {isa = PBXBuildFile; fileRef = 69A3EB8C2D19258000F37D7E /* HeaderImageView.swift */; };
/* End PBXBuildFile section */

/* Begin PBXContainerItemProxy section */
		698945D62D1692D500020257 /* PBXContainerItemProxy */ = {
			isa = PBXContainerItemProxy;
			containerPortal = 698945BD2D1692D300020257 /* Project object */;
			proxyType = 1;
			remoteGlobalIDString = 698945C42D1692D300020257;
			remoteInfo = ProductsSwiftUI;
		};
		698945E02D1692D500020257 /* PBXContainerItemProxy */ = {
			isa = PBXContainerItemProxy;
			containerPortal = 698945BD2D1692D300020257 /* Project object */;
			proxyType = 1;
			remoteGlobalIDString = 698945C42D1692D300020257;
			remoteInfo = ProductsSwiftUI;
		};
/* End PBXContainerItemProxy section */

/* Begin PBXFileReference section */
		698945C52D1692D300020257 /* ProductsSwiftUI.app */ = {isa = PBXFileReference; explicitFileType = wrapper.application; includeInIndex = 0; path = ProductsSwiftUI.app; sourceTree = BUILT_PRODUCTS_DIR; };
		698945C82D1692D300020257 /* App.swift */ = {isa = PBXFileReference; lastKnownFileType = sourcecode.swift; path = App.swift; sourceTree = "<group>"; };
		698945CC2D1692D500020257 /* Assets.xcassets */ = {isa = PBXFileReference; lastKnownFileType = folder.assetcatalog; path = Assets.xcassets; sourceTree = "<group>"; };
		698945CF2D1692D500020257 /* Preview Assets.xcassets */ = {isa = PBXFileReference; lastKnownFileType = folder.assetcatalog; path = "Preview Assets.xcassets"; sourceTree = "<group>"; };
		698945D52D1692D500020257 /* ProductsSwiftUITests.xctest */ = {isa = PBXFileReference; explicitFileType = wrapper.cfbundle; includeInIndex = 0; path = ProductsSwiftUITests.xctest; sourceTree = BUILT_PRODUCTS_DIR; };
		698945D92D1692D500020257 /* ProductsSwiftUITests.swift */ = {isa = PBXFileReference; lastKnownFileType = sourcecode.swift; path = ProductsSwiftUITests.swift; sourceTree = "<group>"; };
		698945DF2D1692D500020257 /* ProductsSwiftUIUITests.xctest */ = {isa = PBXFileReference; explicitFileType = wrapper.cfbundle; includeInIndex = 0; path = ProductsSwiftUIUITests.xctest; sourceTree = BUILT_PRODUCTS_DIR; };
		698945E32D1692D500020257 /* ProductsSwiftUIUITests.swift */ = {isa = PBXFileReference; lastKnownFileType = sourcecode.swift; path = ProductsSwiftUIUITests.swift; sourceTree = "<group>"; };
		698945E52D1692D500020257 /* ProductsSwiftUIUITestsLaunchTests.swift */ = {isa = PBXFileReference; lastKnownFileType = sourcecode.swift; path = ProductsSwiftUIUITestsLaunchTests.swift; sourceTree = "<group>"; };
		69A3EB7A2D19227500F37D7E /* DIContainer.swift */ = {isa = PBXFileReference; lastKnownFileType = sourcecode.swift; path = DIContainer.swift; sourceTree = "<group>"; };
		69A3EB7D2D1922B600F37D7E /* ProductsInteractor.swift */ = {isa = PBXFileReference; lastKnownFileType = sourcecode.swift; path = ProductsInteractor.swift; sourceTree = "<group>"; };
		69A3EB812D1922FA00F37D7E /* ProductsWebRepository.swift */ = {isa = PBXFileReference; lastKnownFileType = sourcecode.swift; path = ProductsWebRepository.swift; sourceTree = "<group>"; };
		69A3EB862D19247D00F37D7E /* ProductModels.swift */ = {isa = PBXFileReference; lastKnownFileType = sourcecode.swift; path = ProductModels.swift; sourceTree = "<group>"; };
		69A3EB882D19255D00F37D7E /* ProductListView.swift */ = {isa = PBXFileReference; lastKnownFileType = sourcecode.swift; path = ProductListView.swift; sourceTree = "<group>"; };
		69A3EB8A2D19257100F37D7E /* ProductListItemView.swift */ = {isa = PBXFileReference; lastKnownFileType = sourcecode.swift; path = ProductListItemView.swift; sourceTree = "<group>"; };
		69A3EB8C2D19258000F37D7E /* HeaderImageView.swift */ = {isa = PBXFileReference; lastKnownFileType = sourcecode.swift; path = HeaderImageView.swift; sourceTree = "<group>"; };
		69A3EB8E2D19258E00F37D7E /* ProductListLayout.swift */ = {isa = PBXFileReference; lastKnownFileType = sourcecode.swift; path = ProductListLayout.swift; sourceTree = "<group>"; };
		69A3EB902D19259D00F37D7E /* ErrorView.swift */ = {isa = PBXFileReference; lastKnownFileType = sourcecode.swift; path = ErrorView.swift; sourceTree = "<group>"; };
		69A3EB922D1925A800F37D7E /* ProductDetailView.swift */ = {isa = PBXFileReference; lastKnownFileType = sourcecode.swift; path = ProductDetailView.swift; sourceTree = "<group>"; };
		69A3EB942D1925B300F37D7E /* ProductCommentView.swift */ = {isa = PBXFileReference; lastKnownFileType = sourcecode.swift; path = ProductCommentView.swift; sourceTree = "<group>"; };
		69A3EB962D192D3500F37D7E /* WebService.swift */ = {isa = PBXFileReference; fileEncoding = 4; lastKnownFileType = sourcecode.swift; path = WebService.swift; sourceTree = "<group>"; };
		69A3EB972D192D3500F37D7E /* NetworkConfig.swift */ = {isa = PBXFileReference; fileEncoding = 4; lastKnownFileType = sourcecode.swift; path = NetworkConfig.swift; sourceTree = "<group>"; };
		69A3EB982D192D3500F37D7E /* NetworkError.swift */ = {isa = PBXFileReference; fileEncoding = 4; lastKnownFileType = sourcecode.swift; path = NetworkError.swift; sourceTree = "<group>"; };
		69A3EB992D192D3500F37D7E /* NetworkManager.swift */ = {isa = PBXFileReference; fileEncoding = 4; lastKnownFileType = sourcecode.swift; path = NetworkManager.swift; sourceTree = "<group>"; };
		69A3EB9A2D192D3500F37D7E /* NetworkRequest.swift */ = {isa = PBXFileReference; fileEncoding = 4; lastKnownFileType = sourcecode.swift; path = NetworkRequest.swift; sourceTree = "<group>"; };
		69A3EB9B2D192D3500F37D7E /* NetworkSessionManager.swift */ = {isa = PBXFileReference; fileEncoding = 4; lastKnownFileType = sourcecode.swift; path = NetworkSessionManager.swift; sourceTree = "<group>"; };
		69A3EB9C2D192D3500F37D7E /* SharedURLSession.swift */ = {isa = PBXFileReference; fileEncoding = 4; lastKnownFileType = sourcecode.swift; path = SharedURLSession.swift; sourceTree = "<group>"; };
		69A3EB9D2D192D3500F37D7E /* SharedURLSessionDelegate.swift */ = {isa = PBXFileReference; fileEncoding = 4; lastKnownFileType = sourcecode.swift; path = SharedURLSessionDelegate.swift; sourceTree = "<group>"; };
		69A3EB9E2D192D3500F37D7E /* URLAuthenticationChallenge+TrustServer.swift */ = {isa = PBXFileReference; fileEncoding = 4; lastKnownFileType = sourcecode.swift; path = "URLAuthenticationChallenge+TrustServer.swift"; sourceTree = "<group>"; };
		69A3EB9F2D192D3500F37D7E /* URLRequestCreater.swift */ = {isa = PBXFileReference; fileEncoding = 4; lastKnownFileType = sourcecode.swift; path = URLRequestCreater.swift; sourceTree = "<group>"; };
		69A3EBA02D192D3500F37D7E /* URLSessionProtocol.swift */ = {isa = PBXFileReference; fileEncoding = 4; lastKnownFileType = sourcecode.swift; path = URLSessionProtocol.swift; sourceTree = "<group>"; };
		69A3EBB02D193F1400F37D7E /* AppConstants.swift */ = {isa = PBXFileReference; lastKnownFileType = sourcecode.swift; path = AppConstants.swift; sourceTree = "<group>"; };
		69A3EBB22D193F7300F37D7E /* APIEndPoint.swift */ = {isa = PBXFileReference; lastKnownFileType = sourcecode.swift; path = APIEndPoint.swift; sourceTree = "<group>"; };
		69A3EBB52D19683400F37D7E /* ProductViewModels.swift */ = {isa = PBXFileReference; lastKnownFileType = sourcecode.swift; path = ProductViewModels.swift; sourceTree = "<group>"; };
/* End PBXFileReference section */

/* Begin PBXFrameworksBuildPhase section */
		698945C22D1692D300020257 /* Frameworks */ = {
			isa = PBXFrameworksBuildPhase;
			buildActionMask = 2147483647;
			files = (
			);
			runOnlyForDeploymentPostprocessing = 0;
		};
		698945D22D1692D500020257 /* Frameworks */ = {
			isa = PBXFrameworksBuildPhase;
			buildActionMask = 2147483647;
			files = (
			);
			runOnlyForDeploymentPostprocessing = 0;
		};
		698945DC2D1692D500020257 /* Frameworks */ = {
			isa = PBXFrameworksBuildPhase;
			buildActionMask = 2147483647;
			files = (
			);
			runOnlyForDeploymentPostprocessing = 0;
		};
/* End PBXFrameworksBuildPhase section */

/* Begin PBXGroup section */
		698945BC2D1692D300020257 = {
			isa = PBXGroup;
			children = (
				698945C72D1692D300020257 /* ProductsSwiftUI */,
				698945D82D1692D500020257 /* ProductsSwiftUITests */,
				698945E22D1692D500020257 /* ProductsSwiftUIUITests */,
				698945C62D1692D300020257 /* Products */,
				B67BD9675810910D7F790B13 /* Frameworks */,
			);
			sourceTree = "<group>";
		};
		698945C62D1692D300020257 /* Products */ = {
			isa = PBXGroup;
			children = (
				698945C52D1692D300020257 /* ProductsSwiftUI.app */,
				698945D52D1692D500020257 /* ProductsSwiftUITests.xctest */,
				698945DF2D1692D500020257 /* ProductsSwiftUIUITests.xctest */,
			);
			name = Products;
			sourceTree = "<group>";
		};
		698945C72D1692D300020257 /* ProductsSwiftUI */ = {
			isa = PBXGroup;
			children = (
				69A3EB6F2D191FAB00F37D7E /* Core */,
				69A3EB702D191FBA00F37D7E /* DependencyInjection */,
				69A3EB742D191FDC00F37D7E /* UI */,
				69A3EBB42D19681700F37D7E /* ProductViewModels */,
				69A3EB712D191FC200F37D7E /* Interactors */,
				69A3EB722D191FC900F37D7E /* Repositories */,
				69A3EB852D19237C00F37D7E /* Models */,
				69A3EB752D191FE500F37D7E /* Utilities */,
				69A3EB732D191FD200F37D7E /* Resources */,
				69A3EBAF2D193EF500F37D7E /* Common */,
			);
			path = ProductsSwiftUI;
			sourceTree = "<group>";
		};
		698945D82D1692D500020257 /* ProductsSwiftUITests */ = {
			isa = PBXGroup;
			children = (
				698945D92D1692D500020257 /* ProductsSwiftUITests.swift */,
			);
			path = ProductsSwiftUITests;
			sourceTree = "<group>";
		};
		698945E22D1692D500020257 /* ProductsSwiftUIUITests */ = {
			isa = PBXGroup;
			children = (
				698945E32D1692D500020257 /* ProductsSwiftUIUITests.swift */,
				698945E52D1692D500020257 /* ProductsSwiftUIUITestsLaunchTests.swift */,
			);
			path = ProductsSwiftUIUITests;
			sourceTree = "<group>";
		};
		69A3EB6F2D191FAB00F37D7E /* Core */ = {
			isa = PBXGroup;
			children = (
				698945C82D1692D300020257 /* App.swift */,
			);
			path = Core;
			sourceTree = "<group>";
		};
		69A3EB702D191FBA00F37D7E /* DependencyInjection */ = {
			isa = PBXGroup;
			children = (
				69A3EB7A2D19227500F37D7E /* DIContainer.swift */,
			);
			path = DependencyInjection;
			sourceTree = "<group>";
		};
		69A3EB712D191FC200F37D7E /* Interactors */ = {
			isa = PBXGroup;
			children = (
				69A3EB7D2D1922B600F37D7E /* ProductsInteractor.swift */,
			);
			path = Interactors;
			sourceTree = "<group>";
		};
		69A3EB722D191FC900F37D7E /* Repositories */ = {
			isa = PBXGroup;
			children = (
				69A3EB812D1922FA00F37D7E /* ProductsWebRepository.swift */,
			);
			path = Repositories;
			sourceTree = "<group>";
		};
		69A3EB732D191FD200F37D7E /* Resources */ = {
			isa = PBXGroup;
			children = (
				698945CF2D1692D500020257 /* Preview Assets.xcassets */,
				698945CC2D1692D500020257 /* Assets.xcassets */,
			);
			path = Resources;
			sourceTree = "<group>";
		};
		69A3EB742D191FDC00F37D7E /* UI */ = {
			isa = PBXGroup;
			children = (
				69A3EB882D19255D00F37D7E /* ProductListView.swift */,
				69A3EB8A2D19257100F37D7E /* ProductListItemView.swift */,
				69A3EB8C2D19258000F37D7E /* HeaderImageView.swift */,
				69A3EB8E2D19258E00F37D7E /* ProductListLayout.swift */,
				69A3EB902D19259D00F37D7E /* ErrorView.swift */,
				69A3EB922D1925A800F37D7E /* ProductDetailView.swift */,
				69A3EB942D1925B300F37D7E /* ProductCommentView.swift */,
			);
			path = UI;
			sourceTree = "<group>";
		};
		69A3EB752D191FE500F37D7E /* Utilities */ = {
			isa = PBXGroup;
			children = (
				69A3EBA12D192D3500F37D7E /* Networking */,
			);
			path = Utilities;
			sourceTree = "<group>";
		};
		69A3EB852D19237C00F37D7E /* Models */ = {
			isa = PBXGroup;
			children = (
				69A3EB862D19247D00F37D7E /* ProductModels.swift */,
			);
			path = Models;
			sourceTree = "<group>";
		};
		69A3EBA12D192D3500F37D7E /* Networking */ = {
			isa = PBXGroup;
			children = (
				69A3EB962D192D3500F37D7E /* WebService.swift */,
				69A3EB972D192D3500F37D7E /* NetworkConfig.swift */,
				69A3EB982D192D3500F37D7E /* NetworkError.swift */,
				69A3EB992D192D3500F37D7E /* NetworkManager.swift */,
				69A3EB9A2D192D3500F37D7E /* NetworkRequest.swift */,
				69A3EB9B2D192D3500F37D7E /* NetworkSessionManager.swift */,
				69A3EB9C2D192D3500F37D7E /* SharedURLSession.swift */,
				69A3EB9D2D192D3500F37D7E /* SharedURLSessionDelegate.swift */,
				69A3EB9E2D192D3500F37D7E /* URLAuthenticationChallenge+TrustServer.swift */,
				69A3EB9F2D192D3500F37D7E /* URLRequestCreater.swift */,
				69A3EBA02D192D3500F37D7E /* URLSessionProtocol.swift */,
				69A3EBB22D193F7300F37D7E /* APIEndPoint.swift */,
			);
			path = Networking;
			sourceTree = "<group>";
		};
		69A3EBAF2D193EF500F37D7E /* Common */ = {
			isa = PBXGroup;
			children = (
				69A3EBB02D193F1400F37D7E /* AppConstants.swift */,
			);
			path = Common;
			sourceTree = "<group>";
		};
		69A3EBB42D19681700F37D7E /* ProductViewModels */ = {
			isa = PBXGroup;
			children = (
				69A3EBB52D19683400F37D7E /* ProductViewModels.swift */,
			);
			path = ProductViewModels;
			sourceTree = "<group>";
		};
		B67BD9675810910D7F790B13 /* Frameworks */ = {
			isa = PBXGroup;
			children = (
			);
			name = Frameworks;
			sourceTree = "<group>";
		};
/* End PBXGroup section */

/* Begin PBXNativeTarget section */
		698945C42D1692D300020257 /* ProductsSwiftUI */ = {
			isa = PBXNativeTarget;
			buildConfigurationList = 698945E92D1692D500020257 /* Build configuration list for PBXNativeTarget "ProductsSwiftUI" */;
			buildPhases = (
				698945C12D1692D300020257 /* Sources */,
				698945C22D1692D300020257 /* Frameworks */,
				698945C32D1692D300020257 /* Resources */,
			);
			buildRules = (
			);
			dependencies = (
			);
			name = ProductsSwiftUI;
			productName = ProductsSwiftUI;
			productReference = 698945C52D1692D300020257 /* ProductsSwiftUI.app */;
			productType = "com.apple.product-type.application";
		};
		698945D42D1692D500020257 /* ProductsSwiftUITests */ = {
			isa = PBXNativeTarget;
			buildConfigurationList = 698945EC2D1692D500020257 /* Build configuration list for PBXNativeTarget "ProductsSwiftUITests" */;
			buildPhases = (
				1AAD500D6DDA2AD6D87FBAFA /* [CP] Check Pods Manifest.lock */,
				698945D12D1692D500020257 /* Sources */,
				698945D22D1692D500020257 /* Frameworks */,
				698945D32D1692D500020257 /* Resources */,
			);
			buildRules = (
			);
			dependencies = (
				698945D72D1692D500020257 /* PBXTargetDependency */,
			);
			name = ProductsSwiftUITests;
			productName = ProductsSwiftUITests;
			productReference = 698945D52D1692D500020257 /* ProductsSwiftUITests.xctest */;
			productType = "com.apple.product-type.bundle.unit-test";
		};
		698945DE2D1692D500020257 /* ProductsSwiftUIUITests */ = {
			isa = PBXNativeTarget;
			buildConfigurationList = 698945EF2D1692D500020257 /* Build configuration list for PBXNativeTarget "ProductsSwiftUIUITests" */;
			buildPhases = (
				18AF711BBF5786CD6D4D7F76 /* [CP] Check Pods Manifest.lock */,
				698945DB2D1692D500020257 /* Sources */,
				698945DC2D1692D500020257 /* Frameworks */,
				698945DD2D1692D500020257 /* Resources */,
				D30AF0A4176743224EC2CEBC /* [CP] Copy Pods Resources */,
			);
			buildRules = (
			);
			dependencies = (
				698945E12D1692D500020257 /* PBXTargetDependency */,
			);
			name = ProductsSwiftUIUITests;
			productName = ProductsSwiftUIUITests;
			productReference = 698945DF2D1692D500020257 /* ProductsSwiftUIUITests.xctest */;
			productType = "com.apple.product-type.bundle.ui-testing";
		};
/* End PBXNativeTarget section */

/* Begin PBXProject section */
		698945BD2D1692D300020257 /* Project object */ = {
			isa = PBXProject;
			attributes = {
				BuildIndependentTargetsInParallel = 1;
				LastSwiftUpdateCheck = 1540;
				LastUpgradeCheck = 1540;
				TargetAttributes = {
					698945C42D1692D300020257 = {
						CreatedOnToolsVersion = 15.4;
					};
					698945D42D1692D500020257 = {
						CreatedOnToolsVersion = 15.4;
						TestTargetID = 698945C42D1692D300020257;
					};
					698945DE2D1692D500020257 = {
						CreatedOnToolsVersion = 15.4;
						TestTargetID = 698945C42D1692D300020257;
					};
				};
			};
			buildConfigurationList = 698945C02D1692D300020257 /* Build configuration list for PBXProject "ProductsSwiftUI" */;
			compatibilityVersion = "Xcode 14.0";
			developmentRegion = en;
			hasScannedForEncodings = 0;
			knownRegions = (
				en,
				Base,
			);
			mainGroup = 698945BC2D1692D300020257;
			productRefGroup = 698945C62D1692D300020257 /* Products */;
			projectDirPath = "";
			projectRoot = "";
			targets = (
				698945C42D1692D300020257 /* ProductsSwiftUI */,
				698945D42D1692D500020257 /* ProductsSwiftUITests */,
				698945DE2D1692D500020257 /* ProductsSwiftUIUITests */,
			);
		};
/* End PBXProject section */

/* Begin PBXResourcesBuildPhase section */
		698945C32D1692D300020257 /* Resources */ = {
			isa = PBXResourcesBuildPhase;
			buildActionMask = 2147483647;
			files = (
				698945D02D1692D500020257 /* Preview Assets.xcassets in Resources */,
				698945CD2D1692D500020257 /* Assets.xcassets in Resources */,
			);
			runOnlyForDeploymentPostprocessing = 0;
		};
		698945D32D1692D500020257 /* Resources */ = {
			isa = PBXResourcesBuildPhase;
			buildActionMask = 2147483647;
			files = (
			);
			runOnlyForDeploymentPostprocessing = 0;
		};
		698945DD2D1692D500020257 /* Resources */ = {
			isa = PBXResourcesBuildPhase;
			buildActionMask = 2147483647;
			files = (
			);
			runOnlyForDeploymentPostprocessing = 0;
		};
/* End PBXResourcesBuildPhase section */

/* Begin PBXShellScriptBuildPhase section */
		18AF711BBF5786CD6D4D7F76 /* [CP] Check Pods Manifest.lock */ = {
			isa = PBXShellScriptBuildPhase;
			buildActionMask = 2147483647;
			files = (
			);
			inputFileListPaths = (
			);
			inputPaths = (
				"${PODS_PODFILE_DIR_PATH}/Podfile.lock",
				"${PODS_ROOT}/Manifest.lock",
			);
			name = "[CP] Check Pods Manifest.lock";
			outputFileListPaths = (
			);
			outputPaths = (
				"$(DERIVED_FILE_DIR)/Pods-ProductsSwiftUI-ProductsSwiftUIUITests-checkManifestLockResult.txt",
			);
			runOnlyForDeploymentPostprocessing = 0;
			shellPath = /bin/sh;
			shellScript = "diff \"${PODS_PODFILE_DIR_PATH}/Podfile.lock\" \"${PODS_ROOT}/Manifest.lock\" > /dev/null\nif [ $? != 0 ] ; then\n    # print error to STDERR\n    echo \"error: The sandbox is not in sync with the Podfile.lock. Run 'pod install' or update your CocoaPods installation.\" >&2\n    exit 1\nfi\n# This output is used by Xcode 'outputs' to avoid re-running this script phase.\necho \"SUCCESS\" > \"${SCRIPT_OUTPUT_FILE_0}\"\n";
			showEnvVarsInLog = 0;
		};
		1AAD500D6DDA2AD6D87FBAFA /* [CP] Check Pods Manifest.lock */ = {
			isa = PBXShellScriptBuildPhase;
			buildActionMask = 2147483647;
			files = (
			);
			inputFileListPaths = (
			);
			inputPaths = (
				"${PODS_PODFILE_DIR_PATH}/Podfile.lock",
				"${PODS_ROOT}/Manifest.lock",
			);
			name = "[CP] Check Pods Manifest.lock";
			outputFileListPaths = (
			);
			outputPaths = (
				"$(DERIVED_FILE_DIR)/Pods-ProductsSwiftUITests-checkManifestLockResult.txt",
			);
			runOnlyForDeploymentPostprocessing = 0;
			shellPath = /bin/sh;
			shellScript = "diff \"${PODS_PODFILE_DIR_PATH}/Podfile.lock\" \"${PODS_ROOT}/Manifest.lock\" > /dev/null\nif [ $? != 0 ] ; then\n    # print error to STDERR\n    echo \"error: The sandbox is not in sync with the Podfile.lock. Run 'pod install' or update your CocoaPods installation.\" >&2\n    exit 1\nfi\n# This output is used by Xcode 'outputs' to avoid re-running this script phase.\necho \"SUCCESS\" > \"${SCRIPT_OUTPUT_FILE_0}\"\n";
			showEnvVarsInLog = 0;
		};
		D30AF0A4176743224EC2CEBC /* [CP] Copy Pods Resources */ = {
			isa = PBXShellScriptBuildPhase;
			buildActionMask = 2147483647;
			files = (
			);
			inputFileListPaths = (
				"${PODS_ROOT}/Target Support Files/Pods-ProductsSwiftUI-ProductsSwiftUIUITests/Pods-ProductsSwiftUI-ProductsSwiftUIUITests-resources-${CONFIGURATION}-input-files.xcfilelist",
			);
			name = "[CP] Copy Pods Resources";
			outputFileListPaths = (
				"${PODS_ROOT}/Target Support Files/Pods-ProductsSwiftUI-ProductsSwiftUIUITests/Pods-ProductsSwiftUI-ProductsSwiftUIUITests-resources-${CONFIGURATION}-output-files.xcfilelist",
			);
			runOnlyForDeploymentPostprocessing = 0;
			shellPath = /bin/sh;
			shellScript = "\"${PODS_ROOT}/Target Support Files/Pods-ProductsSwiftUI-ProductsSwiftUIUITests/Pods-ProductsSwiftUI-ProductsSwiftUIUITests-resources.sh\"\n";
			showEnvVarsInLog = 0;
		};
/* End PBXShellScriptBuildPhase section */

/* Begin PBXSourcesBuildPhase section */
		698945C12D1692D300020257 /* Sources */ = {
			isa = PBXSourcesBuildPhase;
			buildActionMask = 2147483647;
			files = (
				69A3EBAC2D192D3500F37D7E /* URLSessionProtocol.swift in Sources */,
				69A3EBA22D192D3500F37D7E /* WebService.swift in Sources */,
				69A3EB892D19255D00F37D7E /* ProductListView.swift in Sources */,
				69A3EB932D1925A800F37D7E /* ProductDetailView.swift in Sources */,
				69A3EBA52D192D3500F37D7E /* NetworkManager.swift in Sources */,
				69A3EB952D1925B300F37D7E /* ProductCommentView.swift in Sources */,
				69A3EB822D1922FA00F37D7E /* ProductsWebRepository.swift in Sources */,
				69A3EBAB2D192D3500F37D7E /* URLRequestCreater.swift in Sources */,
				69A3EB7E2D1922B600F37D7E /* ProductsInteractor.swift in Sources */,
				69A3EBA62D192D3500F37D7E /* NetworkRequest.swift in Sources */,
				69A3EBA42D192D3500F37D7E /* NetworkError.swift in Sources */,
				69A3EBA72D192D3500F37D7E /* NetworkSessionManager.swift in Sources */,
				698945C92D1692D300020257 /* App.swift in Sources */,
				69A3EBA82D192D3500F37D7E /* SharedURLSession.swift in Sources */,
				69A3EB7B2D19227500F37D7E /* DIContainer.swift in Sources */,
				69A3EBBA2D1970BB00F37D7E /* HeaderImageView.swift in Sources */,
				69A3EBB62D19683400F37D7E /* ProductViewModels.swift in Sources */,
				69A3EBB12D193F1400F37D7E /* AppConstants.swift in Sources */,
				69A3EBA32D192D3500F37D7E /* NetworkConfig.swift in Sources */,
				69A3EBAA2D192D3500F37D7E /* URLAuthenticationChallenge+TrustServer.swift in Sources */,
				69A3EBB32D193F7300F37D7E /* APIEndPoint.swift in Sources */,
				69A3EBA92D192D3500F37D7E /* SharedURLSessionDelegate.swift in Sources */,
				69A3EB912D19259D00F37D7E /* ErrorView.swift in Sources */,
				69A3EB872D19247D00F37D7E /* ProductModels.swift in Sources */,
				69A3EB8B2D19257100F37D7E /* ProductListItemView.swift in Sources */,
				69A3EB8F2D19258E00F37D7E /* ProductListLayout.swift in Sources */,
			);
			runOnlyForDeploymentPostprocessing = 0;
		};
		698945D12D1692D500020257 /* Sources */ = {
			isa = PBXSourcesBuildPhase;
			buildActionMask = 2147483647;
			files = (
				698945DA2D1692D500020257 /* ProductsSwiftUITests.swift in Sources */,
			);
			runOnlyForDeploymentPostprocessing = 0;
		};
		698945DB2D1692D500020257 /* Sources */ = {
			isa = PBXSourcesBuildPhase;
			buildActionMask = 2147483647;
			files = (
				698945E62D1692D500020257 /* ProductsSwiftUIUITestsLaunchTests.swift in Sources */,
				698945E42D1692D500020257 /* ProductsSwiftUIUITests.swift in Sources */,
			);
			runOnlyForDeploymentPostprocessing = 0;
		};
/* End PBXSourcesBuildPhase section */

/* Begin PBXTargetDependency section */
		698945D72D1692D500020257 /* PBXTargetDependency */ = {
			isa = PBXTargetDependency;
			target = 698945C42D1692D300020257 /* ProductsSwiftUI */;
			targetProxy = 698945D62D1692D500020257 /* PBXContainerItemProxy */;
		};
		698945E12D1692D500020257 /* PBXTargetDependency */ = {
			isa = PBXTargetDependency;
			target = 698945C42D1692D300020257 /* ProductsSwiftUI */;
			targetProxy = 698945E02D1692D500020257 /* PBXContainerItemProxy */;
		};
/* End PBXTargetDependency section */

/* Begin XCBuildConfiguration section */
		698945E72D1692D500020257 /* Debug */ = {
			isa = XCBuildConfiguration;
			buildSettings = {
				ALWAYS_SEARCH_USER_PATHS = NO;
				ASSETCATALOG_COMPILER_GENERATE_SWIFT_ASSET_SYMBOL_EXTENSIONS = YES;
				CLANG_ANALYZER_NONNULL = YES;
				CLANG_ANALYZER_NUMBER_OBJECT_CONVERSION = YES_AGGRESSIVE;
				CLANG_CXX_LANGUAGE_STANDARD = "gnu++20";
				CLANG_ENABLE_MODULES = YES;
				CLANG_ENABLE_OBJC_ARC = YES;
				CLANG_ENABLE_OBJC_WEAK = YES;
				CLANG_WARN_BLOCK_CAPTURE_AUTORELEASING = YES;
				CLANG_WARN_BOOL_CONVERSION = YES;
				CLANG_WARN_COMMA = YES;
				CLANG_WARN_CONSTANT_CONVERSION = YES;
				CLANG_WARN_DEPRECATED_OBJC_IMPLEMENTATIONS = YES;
				CLANG_WARN_DIRECT_OBJC_ISA_USAGE = YES_ERROR;
				CLANG_WARN_DOCUMENTATION_COMMENTS = YES;
				CLANG_WARN_EMPTY_BODY = YES;
				CLANG_WARN_ENUM_CONVERSION = YES;
				CLANG_WARN_INFINITE_RECURSION = YES;
				CLANG_WARN_INT_CONVERSION = YES;
				CLANG_WARN_NON_LITERAL_NULL_CONVERSION = YES;
				CLANG_WARN_OBJC_IMPLICIT_RETAIN_SELF = YES;
				CLANG_WARN_OBJC_LITERAL_CONVERSION = YES;
				CLANG_WARN_OBJC_ROOT_CLASS = YES_ERROR;
				CLANG_WARN_QUOTED_INCLUDE_IN_FRAMEWORK_HEADER = YES;
				CLANG_WARN_RANGE_LOOP_ANALYSIS = YES;
				CLANG_WARN_STRICT_PROTOTYPES = YES;
				CLANG_WARN_SUSPICIOUS_MOVE = YES;
				CLANG_WARN_UNGUARDED_AVAILABILITY = YES_AGGRESSIVE;
				CLANG_WARN_UNREACHABLE_CODE = YES;
				CLANG_WARN__DUPLICATE_METHOD_MATCH = YES;
				COPY_PHASE_STRIP = NO;
				DEBUG_INFORMATION_FORMAT = dwarf;
				ENABLE_STRICT_OBJC_MSGSEND = YES;
				ENABLE_TESTABILITY = YES;
				ENABLE_USER_SCRIPT_SANDBOXING = YES;
				GCC_C_LANGUAGE_STANDARD = gnu17;
				GCC_DYNAMIC_NO_PIC = NO;
				GCC_NO_COMMON_BLOCKS = YES;
				GCC_OPTIMIZATION_LEVEL = 0;
				GCC_PREPROCESSOR_DEFINITIONS = (
					"DEBUG=1",
					"$(inherited)",
				);
				GCC_WARN_64_TO_32_BIT_CONVERSION = YES;
				GCC_WARN_ABOUT_RETURN_TYPE = YES_ERROR;
				GCC_WARN_UNDECLARED_SELECTOR = YES;
				GCC_WARN_UNINITIALIZED_AUTOS = YES_AGGRESSIVE;
				GCC_WARN_UNUSED_FUNCTION = YES;
				GCC_WARN_UNUSED_VARIABLE = YES;
				IPHONEOS_DEPLOYMENT_TARGET = 17.5;
				LOCALIZATION_PREFERS_STRING_CATALOGS = YES;
				MTL_ENABLE_DEBUG_INFO = INCLUDE_SOURCE;
				MTL_FAST_MATH = YES;
				ONLY_ACTIVE_ARCH = YES;
				SDKROOT = iphoneos;
				SWIFT_ACTIVE_COMPILATION_CONDITIONS = "DEBUG $(inherited)";
				SWIFT_OPTIMIZATION_LEVEL = "-Onone";
			};
			name = Debug;
		};
		698945E82D1692D500020257 /* Release */ = {
			isa = XCBuildConfiguration;
			buildSettings = {
				ALWAYS_SEARCH_USER_PATHS = NO;
				ASSETCATALOG_COMPILER_GENERATE_SWIFT_ASSET_SYMBOL_EXTENSIONS = YES;
				CLANG_ANALYZER_NONNULL = YES;
				CLANG_ANALYZER_NUMBER_OBJECT_CONVERSION = YES_AGGRESSIVE;
				CLANG_CXX_LANGUAGE_STANDARD = "gnu++20";
				CLANG_ENABLE_MODULES = YES;
				CLANG_ENABLE_OBJC_ARC = YES;
				CLANG_ENABLE_OBJC_WEAK = YES;
				CLANG_WARN_BLOCK_CAPTURE_AUTORELEASING = YES;
				CLANG_WARN_BOOL_CONVERSION = YES;
				CLANG_WARN_COMMA = YES;
				CLANG_WARN_CONSTANT_CONVERSION = YES;
				CLANG_WARN_DEPRECATED_OBJC_IMPLEMENTATIONS = YES;
				CLANG_WARN_DIRECT_OBJC_ISA_USAGE = YES_ERROR;
				CLANG_WARN_DOCUMENTATION_COMMENTS = YES;
				CLANG_WARN_EMPTY_BODY = YES;
				CLANG_WARN_ENUM_CONVERSION = YES;
				CLANG_WARN_INFINITE_RECURSION = YES;
				CLANG_WARN_INT_CONVERSION = YES;
				CLANG_WARN_NON_LITERAL_NULL_CONVERSION = YES;
				CLANG_WARN_OBJC_IMPLICIT_RETAIN_SELF = YES;
				CLANG_WARN_OBJC_LITERAL_CONVERSION = YES;
				CLANG_WARN_OBJC_ROOT_CLASS = YES_ERROR;
				CLANG_WARN_QUOTED_INCLUDE_IN_FRAMEWORK_HEADER = YES;
				CLANG_WARN_RANGE_LOOP_ANALYSIS = YES;
				CLANG_WARN_STRICT_PROTOTYPES = YES;
				CLANG_WARN_SUSPICIOUS_MOVE = YES;
				CLANG_WARN_UNGUARDED_AVAILABILITY = YES_AGGRESSIVE;
				CLANG_WARN_UNREACHABLE_CODE = YES;
				CLANG_WARN__DUPLICATE_METHOD_MATCH = YES;
				COPY_PHASE_STRIP = NO;
				DEBUG_INFORMATION_FORMAT = "dwarf-with-dsym";
				ENABLE_NS_ASSERTIONS = NO;
				ENABLE_STRICT_OBJC_MSGSEND = YES;
				ENABLE_USER_SCRIPT_SANDBOXING = YES;
				GCC_C_LANGUAGE_STANDARD = gnu17;
				GCC_NO_COMMON_BLOCKS = YES;
				GCC_WARN_64_TO_32_BIT_CONVERSION = YES;
				GCC_WARN_ABOUT_RETURN_TYPE = YES_ERROR;
				GCC_WARN_UNDECLARED_SELECTOR = YES;
				GCC_WARN_UNINITIALIZED_AUTOS = YES_AGGRESSIVE;
				GCC_WARN_UNUSED_FUNCTION = YES;
				GCC_WARN_UNUSED_VARIABLE = YES;
				IPHONEOS_DEPLOYMENT_TARGET = 17.5;
				LOCALIZATION_PREFERS_STRING_CATALOGS = YES;
				MTL_ENABLE_DEBUG_INFO = NO;
				MTL_FAST_MATH = YES;
				SDKROOT = iphoneos;
				SWIFT_COMPILATION_MODE = wholemodule;
				VALIDATE_PRODUCT = YES;
			};
			name = Release;
		};
		698945EA2D1692D500020257 /* Debug */ = {
			isa = XCBuildConfiguration;
			buildSettings = {
				ALWAYS_EMBED_SWIFT_STANDARD_LIBRARIES = NO;
				ASSETCATALOG_COMPILER_APPICON_NAME = AppIcon;
				ASSETCATALOG_COMPILER_GLOBAL_ACCENT_COLOR_NAME = AccentColor;
				CODE_SIGN_STYLE = Automatic;
				CURRENT_PROJECT_VERSION = 1;
				DEVELOPMENT_ASSET_PATHS = "\"ProductsSwiftUI/Resources\"";
				DEVELOPMENT_TEAM = KX3K56GXBT;
				ENABLE_PREVIEWS = YES;
				ENABLE_USER_SCRIPT_SANDBOXING = NO;
				GENERATE_INFOPLIST_FILE = YES;
				INFOPLIST_KEY_UIApplicationSceneManifest_Generation = YES;
				INFOPLIST_KEY_UIApplicationSupportsIndirectInputEvents = YES;
				INFOPLIST_KEY_UILaunchScreen_Generation = YES;
				INFOPLIST_KEY_UISupportedInterfaceOrientations_iPad = "UIInterfaceOrientationPortrait UIInterfaceOrientationPortraitUpsideDown UIInterfaceOrientationLandscapeLeft UIInterfaceOrientationLandscapeRight";
				INFOPLIST_KEY_UISupportedInterfaceOrientations_iPhone = "UIInterfaceOrientationPortrait UIInterfaceOrientationLandscapeLeft UIInterfaceOrientationLandscapeRight";
				LD_RUNPATH_SEARCH_PATHS = (
					"$(inherited)",
					"@executable_path/Frameworks",
				);
				MARKETING_VERSION = 1.0;
				PRODUCT_BUNDLE_IDENTIFIER = com.swiftui.learn.ProductsSwiftUI;
				PRODUCT_NAME = "$(TARGET_NAME)";
				SWIFT_EMIT_LOC_STRINGS = YES;
				SWIFT_VERSION = 5.0;
				TARGETED_DEVICE_FAMILY = "1,2";
			};
			name = Debug;
		};
		698945EB2D1692D500020257 /* Release */ = {
			isa = XCBuildConfiguration;
			buildSettings = {
				ALWAYS_EMBED_SWIFT_STANDARD_LIBRARIES = NO;
				ASSETCATALOG_COMPILER_APPICON_NAME = AppIcon;
				ASSETCATALOG_COMPILER_GLOBAL_ACCENT_COLOR_NAME = AccentColor;
				CODE_SIGN_STYLE = Automatic;
				CURRENT_PROJECT_VERSION = 1;
				DEVELOPMENT_ASSET_PATHS = "\"ProductsSwiftUI/Resources\"";
				DEVELOPMENT_TEAM = KX3K56GXBT;
				ENABLE_PREVIEWS = YES;
				ENABLE_USER_SCRIPT_SANDBOXING = NO;
				GENERATE_INFOPLIST_FILE = YES;
				INFOPLIST_KEY_UIApplicationSceneManifest_Generation = YES;
				INFOPLIST_KEY_UIApplicationSupportsIndirectInputEvents = YES;
				INFOPLIST_KEY_UILaunchScreen_Generation = YES;
				INFOPLIST_KEY_UISupportedInterfaceOrientations_iPad = "UIInterfaceOrientationPortrait UIInterfaceOrientationPortraitUpsideDown UIInterfaceOrientationLandscapeLeft UIInterfaceOrientationLandscapeRight";
				INFOPLIST_KEY_UISupportedInterfaceOrientations_iPhone = "UIInterfaceOrientationPortrait UIInterfaceOrientationLandscapeLeft UIInterfaceOrientationLandscapeRight";
				LD_RUNPATH_SEARCH_PATHS = (
					"$(inherited)",
					"@executable_path/Frameworks",
				);
				MARKETING_VERSION = 1.0;
				PRODUCT_BUNDLE_IDENTIFIER = com.swiftui.learn.ProductsSwiftUI;
				PRODUCT_NAME = "$(TARGET_NAME)";
				SWIFT_EMIT_LOC_STRINGS = YES;
				SWIFT_VERSION = 5.0;
				TARGETED_DEVICE_FAMILY = "1,2";
			};
			name = Release;
		};
		698945ED2D1692D500020257 /* Debug */ = {
			isa = XCBuildConfiguration;
			buildSettings = {
				ALWAYS_EMBED_SWIFT_STANDARD_LIBRARIES = NO;
				BUNDLE_LOADER = "$(TEST_HOST)";
				CODE_SIGN_STYLE = Automatic;
				CURRENT_PROJECT_VERSION = 1;
				DEVELOPMENT_TEAM = KX3K56GXBT;
				GENERATE_INFOPLIST_FILE = YES;
				IPHONEOS_DEPLOYMENT_TARGET = 17.5;
				MARKETING_VERSION = 1.0;
				PRODUCT_BUNDLE_IDENTIFIER = com.swiftui.learn.ProductsSwiftUITests;
				PRODUCT_NAME = "$(TARGET_NAME)";
				SWIFT_EMIT_LOC_STRINGS = NO;
				SWIFT_VERSION = 5.0;
				TARGETED_DEVICE_FAMILY = "1,2";
				TEST_HOST = "$(BUILT_PRODUCTS_DIR)/ProductsSwiftUI.app/$(BUNDLE_EXECUTABLE_FOLDER_PATH)/ProductsSwiftUI";
			};
			name = Debug;
		};
		698945EE2D1692D500020257 /* Release */ = {
			isa = XCBuildConfiguration;
			buildSettings = {
				ALWAYS_EMBED_SWIFT_STANDARD_LIBRARIES = NO;
				BUNDLE_LOADER = "$(TEST_HOST)";
				CODE_SIGN_STYLE = Automatic;
				CURRENT_PROJECT_VERSION = 1;
				DEVELOPMENT_TEAM = KX3K56GXBT;
				GENERATE_INFOPLIST_FILE = YES;
				IPHONEOS_DEPLOYMENT_TARGET = 17.5;
				MARKETING_VERSION = 1.0;
				PRODUCT_BUNDLE_IDENTIFIER = com.swiftui.learn.ProductsSwiftUITests;
				PRODUCT_NAME = "$(TARGET_NAME)";
				SWIFT_EMIT_LOC_STRINGS = NO;
				SWIFT_VERSION = 5.0;
				TARGETED_DEVICE_FAMILY = "1,2";
				TEST_HOST = "$(BUILT_PRODUCTS_DIR)/ProductsSwiftUI.app/$(BUNDLE_EXECUTABLE_FOLDER_PATH)/ProductsSwiftUI";
			};
			name = Release;
		};
		698945F02D1692D500020257 /* Debug */ = {
			isa = XCBuildConfiguration;
			buildSettings = {
				ALWAYS_EMBED_SWIFT_STANDARD_LIBRARIES = NO;
				CODE_SIGN_STYLE = Automatic;
				CURRENT_PROJECT_VERSION = 1;
				DEVELOPMENT_TEAM = KX3K56GXBT;
				GENERATE_INFOPLIST_FILE = YES;
				IPHONEOS_DEPLOYMENT_TARGET = 13.0;
				MARKETING_VERSION = 1.0;
				PRODUCT_BUNDLE_IDENTIFIER = com.swiftui.learn.ProductsSwiftUIUITests;
				PRODUCT_NAME = "$(TARGET_NAME)";
				SWIFT_EMIT_LOC_STRINGS = NO;
				SWIFT_VERSION = 5.0;
				TARGETED_DEVICE_FAMILY = "1,2";
				TEST_TARGET_NAME = ProductsSwiftUI;
			};
			name = Debug;
		};
		698945F12D1692D500020257 /* Release */ = {
			isa = XCBuildConfiguration;
			buildSettings = {
				ALWAYS_EMBED_SWIFT_STANDARD_LIBRARIES = NO;
				CODE_SIGN_STYLE = Automatic;
				CURRENT_PROJECT_VERSION = 1;
				DEVELOPMENT_TEAM = KX3K56GXBT;
				GENERATE_INFOPLIST_FILE = YES;
				IPHONEOS_DEPLOYMENT_TARGET = 13.0;
				MARKETING_VERSION = 1.0;
				PRODUCT_BUNDLE_IDENTIFIER = com.swiftui.learn.ProductsSwiftUIUITests;
				PRODUCT_NAME = "$(TARGET_NAME)";
				SWIFT_EMIT_LOC_STRINGS = NO;
				SWIFT_VERSION = 5.0;
				TARGETED_DEVICE_FAMILY = "1,2";
				TEST_TARGET_NAME = ProductsSwiftUI;
			};
			name = Release;
		};
/* End XCBuildConfiguration section */

/* Begin XCConfigurationList section */
		698945C02D1692D300020257 /* Build configuration list for PBXProject "ProductsSwiftUI" */ = {
			isa = XCConfigurationList;
			buildConfigurations = (
				698945E72D1692D500020257 /* Debug */,
				698945E82D1692D500020257 /* Release */,
			);
			defaultConfigurationIsVisible = 0;
			defaultConfigurationName = Release;
		};
		698945E92D1692D500020257 /* Build configuration list for PBXNativeTarget "ProductsSwiftUI" */ = {
			isa = XCConfigurationList;
			buildConfigurations = (
				698945EA2D1692D500020257 /* Debug */,
				698945EB2D1692D500020257 /* Release */,
			);
			defaultConfigurationIsVisible = 0;
			defaultConfigurationName = Release;
		};
		698945EC2D1692D500020257 /* Build configuration list for PBXNativeTarget "ProductsSwiftUITests" */ = {
			isa = XCConfigurationList;
			buildConfigurations = (
				698945ED2D1692D500020257 /* Debug */,
				698945EE2D1692D500020257 /* Release */,
			);
			defaultConfigurationIsVisible = 0;
			defaultConfigurationName = Release;
		};
		698945EF2D1692D500020257 /* Build configuration list for PBXNativeTarget "ProductsSwiftUIUITests" */ = {
			isa = XCConfigurationList;
			buildConfigurations = (
				698945F02D1692D500020257 /* Debug */,
				698945F12D1692D500020257 /* Release */,
			);
			defaultConfigurationIsVisible = 0;
			defaultConfigurationName = Release;
		};
/* End XCConfigurationList section */
	};
	rootObject = 698945BD2D1692D300020257 /* Project object */;
}
